// !$*UTF8*$!
{
	archiveVersion = 1;
	classes = {
	};
	objectVersion = 56;
	objects = {

/* Begin PBXBuildFile section */
		181E252E2A01294800E4985A /* SessionTabBarUIVCApp.swift in Sources */ = {isa = PBXBuildFile; fileRef = 181E252D2A01294800E4985A /* SessionTabBarUIVCApp.swift */; };
		181E25302A01294800E4985A /* SessionTabBarView.swift in Sources */ = {isa = PBXBuildFile; fileRef = 181E252F2A01294800E4985A /* SessionTabBarView.swift */; };
		181E25322A01294A00E4985A /* Assets.xcassets in Resources */ = {isa = PBXBuildFile; fileRef = 181E25312A01294A00E4985A /* Assets.xcassets */; };
		181E25352A01294A00E4985A /* Preview Assets.xcassets in Resources */ = {isa = PBXBuildFile; fileRef = 181E25342A01294A00E4985A /* Preview Assets.xcassets */; };
		181E253C2A0129ED00E4985A /* SessionTabBarUIVM.swift in Sources */ = {isa = PBXBuildFile; fileRef = 181E253B2A0129ED00E4985A /* SessionTabBarUIVM.swift */; };
		181E253E2A012AE900E4985A /* SessionDocumentVC.swift in Sources */ = {isa = PBXBuildFile; fileRef = 181E253D2A012AE900E4985A /* SessionDocumentVC.swift */; };
		181E25402A012B0100E4985A /* Main.storyboard in Resources */ = {isa = PBXBuildFile; fileRef = 181E253F2A012B0100E4985A /* Main.storyboard */; };
/* End PBXBuildFile section */

/* Begin PBXFileReference section */
		181E252A2A01294800E4985A /* SessionTabBarUIVC.app */ = {isa = PBXFileReference; explicitFileType = wrapper.application; includeInIndex = 0; path = SessionTabBarUIVC.app; sourceTree = BUILT_PRODUCTS_DIR; };
		181E252D2A01294800E4985A /* SessionTabBarUIVCApp.swift */ = {isa = PBXFileReference; lastKnownFileType = sourcecode.swift; path = SessionTabBarUIVCApp.swift; sourceTree = "<group>"; };
		181E252F2A01294800E4985A /* SessionTabBarView.swift */ = {isa = PBXFileReference; lastKnownFileType = sourcecode.swift; path = SessionTabBarView.swift; sourceTree = "<group>"; };
		181E25312A01294A00E4985A /* Assets.xcassets */ = {isa = PBXFileReference; lastKnownFileType = folder.assetcatalog; path = Assets.xcassets; sourceTree = "<group>"; };
		181E25342A01294A00E4985A /* Preview Assets.xcassets */ = {isa = PBXFileReference; lastKnownFileType = folder.assetcatalog; path = "Preview Assets.xcassets"; sourceTree = "<group>"; };
		181E253B2A0129ED00E4985A /* SessionTabBarUIVM.swift */ = {isa = PBXFileReference; lastKnownFileType = sourcecode.swift; path = SessionTabBarUIVM.swift; sourceTree = "<group>"; };
		181E253D2A012AE900E4985A /* SessionDocumentVC.swift */ = {isa = PBXFileReference; lastKnownFileType = sourcecode.swift; path = SessionDocumentVC.swift; sourceTree = "<group>"; };
		181E253F2A012B0100E4985A /* Main.storyboard */ = {isa = PBXFileReference; lastKnownFileType = file.storyboard; path = Main.storyboard; sourceTree = "<group>"; };
/* End PBXFileReference section */

/* Begin PBXFrameworksBuildPhase section */
		181E25272A01294800E4985A /* Frameworks */ = {
			isa = PBXFrameworksBuildPhase;
			buildActionMask = 2147483647;
			files = (
			);
			runOnlyForDeploymentPostprocessing = 0;
		};
/* End PBXFrameworksBuildPhase section */

/* Begin PBXGroup section */
		181E25212A01294800E4985A = {
			isa = PBXGroup;
			children = (
				181E252C2A01294800E4985A /* SessionTabBarUIVC */,
				181E252B2A01294800E4985A /* Products */,
			);
			sourceTree = "<group>";
		};
		181E252B2A01294800E4985A /* Products */ = {
			isa = PBXGroup;
			children = (
				181E252A2A01294800E4985A /* SessionTabBarUIVC.app */,
			);
			name = Products;
			sourceTree = "<group>";
		};
		181E252C2A01294800E4985A /* SessionTabBarUIVC */ = {
			isa = PBXGroup;
			children = (
				181E252D2A01294800E4985A /* SessionTabBarUIVCApp.swift */,
				181E252F2A01294800E4985A /* SessionTabBarView.swift */,
				181E253B2A0129ED00E4985A /* SessionTabBarUIVM.swift */,
				181E253D2A012AE900E4985A /* SessionDocumentVC.swift */,
				181E253F2A012B0100E4985A /* Main.storyboard */,
				181E25312A01294A00E4985A /* Assets.xcassets */,
				181E25332A01294A00E4985A /* Preview Content */,
			);
			path = SessionTabBarUIVC;
			sourceTree = "<group>";
		};
		181E25332A01294A00E4985A /* Preview Content */ = {
			isa = PBXGroup;
			children = (
				181E25342A01294A00E4985A /* Preview Assets.xcassets */,
			);
			path = "Preview Content";
			sourceTree = "<group>";
		};
/* End PBXGroup section */

/* Begin PBXNativeTarget section */
		181E25292A01294800E4985A /* SessionTabBarUIVC */ = {
			isa = PBXNativeTarget;
			buildConfigurationList = 181E25382A01294A00E4985A /* Build configuration list for PBXNativeTarget "SessionTabBarUIVC" */;
			buildPhases = (
				181E25262A01294800E4985A /* Sources */,
				181E25272A01294800E4985A /* Frameworks */,
				181E25282A01294800E4985A /* Resources */,
			);
			buildRules = (
			);
			dependencies = (
			);
			name = SessionTabBarUIVC;
			productName = SessionTabBarUIVC;
			productReference = 181E252A2A01294800E4985A /* SessionTabBarUIVC.app */;
			productType = "com.apple.product-type.application";
		};
/* End PBXNativeTarget section */

/* Begin PBXProject section */
		181E25222A01294800E4985A /* Project object */ = {
			isa = PBXProject;
			attributes = {
				BuildIndependentTargetsInParallel = 1;
				LastSwiftUpdateCheck = 1410;
				LastUpgradeCheck = 1410;
				TargetAttributes = {
					181E25292A01294800E4985A = {
						CreatedOnToolsVersion = 14.1;
					};
				};
			};
			buildConfigurationList = 181E25252A01294800E4985A /* Build configuration list for PBXProject "SessionTabBarUIVC" */;
			compatibilityVersion = "Xcode 14.0";
			developmentRegion = en;
			hasScannedForEncodings = 0;
			knownRegions = (
				en,
				Base,
			);
			mainGroup = 181E25212A01294800E4985A;
			productRefGroup = 181E252B2A01294800E4985A /* Products */;
			projectDirPath = "";
			projectRoot = "";
			targets = (
				181E25292A01294800E4985A /* SessionTabBarUIVC */,
			);
		};
/* End PBXProject section */

/* Begin PBXResourcesBuildPhase section */
		181E25282A01294800E4985A /* Resources */ = {
			isa = PBXResourcesBuildPhase;
			buildActionMask = 2147483647;
			files = (
				181E25402A012B0100E4985A /* Main.storyboard in Resources */,
				181E25352A01294A00E4985A /* Preview Assets.xcassets in Resources */,
				181E25322A01294A00E4985A /* Assets.xcassets in Resources */,
			);
			runOnlyForDeploymentPostprocessing = 0;
		};
/* End PBXResourcesBuildPhase section */

/* Begin PBXSourcesBuildPhase section */
		181E25262A01294800E4985A /* Sources */ = {
			isa = PBXSourcesBuildPhase;
			buildActionMask = 2147483647;
			files = (
				181E25302A01294800E4985A /* SessionTabBarView.swift in Sources */,
				181E253E2A012AE900E4985A /* SessionDocumentVC.swift in Sources */,
				181E253C2A0129ED00E4985A /* SessionTabBarUIVM.swift in Sources */,
				181E252E2A01294800E4985A /* SessionTabBarUIVCApp.swift in Sources */,
			);
			runOnlyForDeploymentPostprocessing = 0;
		};
/* End PBXSourcesBuildPhase section */

/* Begin XCBuildConfiguration section */
		181E25362A01294A00E4985A /* Debug */ = {
			isa = XCBuildConfiguration;
			buildSettings = {
				ALWAYS_SEARCH_USER_PATHS = NO;
				CLANG_ANALYZER_NONNULL = YES;
				CLANG_ANALYZER_NUMBER_OBJECT_CONVERSION = YES_AGGRESSIVE;
				CLANG_CXX_LANGUAGE_STANDARD = "gnu++20";
				CLANG_ENABLE_MODULES = YES;
				CLANG_ENABLE_OBJC_ARC = YES;
				CLANG_ENABLE_OBJC_WEAK = YES;
				CLANG_WARN_BLOCK_CAPTURE_AUTORELEASING = YES;
				CLANG_WARN_BOOL_CONVERSION = YES;
				CLANG_WARN_COMMA = YES;
				CLANG_WARN_CONSTANT_CONVERSION = YES;
				CLANG_WARN_DEPRECATED_OBJC_IMPLEMENTATIONS = YES;
				CLANG_WARN_DIRECT_OBJC_ISA_USAGE = YES_ERROR;
				CLANG_WARN_DOCUMENTATION_COMMENTS = YES;
				CLANG_WARN_EMPTY_BODY = YES;
				CLANG_WARN_ENUM_CONVERSION = YES;
				CLANG_WARN_INFINITE_RECURSION = YES;
				CLANG_WARN_INT_CONVERSION = YES;
				CLANG_WARN_NON_LITERAL_NULL_CONVERSION = YES;
				CLANG_WARN_OBJC_IMPLICIT_RETAIN_SELF = YES;
				CLANG_WARN_OBJC_LITERAL_CONVERSION = YES;
				CLANG_WARN_OBJC_ROOT_CLASS = YES_ERROR;
				CLANG_WARN_QUOTED_INCLUDE_IN_FRAMEWORK_HEADER = YES;
				CLANG_WARN_RANGE_LOOP_ANALYSIS = YES;
				CLANG_WARN_STRICT_PROTOTYPES = YES;
				CLANG_WARN_SUSPICIOUS_MOVE = YES;
				CLANG_WARN_UNGUARDED_AVAILABILITY = YES_AGGRESSIVE;
				CLANG_WARN_UNREACHABLE_CODE = YES;
				CLANG_WARN__DUPLICATE_METHOD_MATCH = YES;
				COPY_PHASE_STRIP = NO;
				DEBUG_INFORMATION_FORMAT = dwarf;
				ENABLE_STRICT_OBJC_MSGSEND = YES;
				ENABLE_TESTABILITY = YES;
				GCC_C_LANGUAGE_STANDARD = gnu11;
				GCC_DYNAMIC_NO_PIC = NO;
				GCC_NO_COMMON_BLOCKS = YES;
				GCC_OPTIMIZATION_LEVEL = 0;
				GCC_PREPROCESSOR_DEFINITIONS = (
					"DEBUG=1",
					"$(inherited)",
				);
				GCC_WARN_64_TO_32_BIT_CONVERSION = YES;
				GCC_WARN_ABOUT_RETURN_TYPE = YES_ERROR;
				GCC_WARN_UNDECLARED_SELECTOR = YES;
				GCC_WARN_UNINITIALIZED_AUTOS = YES_AGGRESSIVE;
				GCC_WARN_UNUSED_FUNCTION = YES;
				GCC_WARN_UNUSED_VARIABLE = YES;
				IPHONEOS_DEPLOYMENT_TARGET = 16.1;
				MTL_ENABLE_DEBUG_INFO = INCLUDE_SOURCE;
				MTL_FAST_MATH = YES;
				ONLY_ACTIVE_ARCH = YES;
				SDKROOT = iphoneos;
				SWIFT_ACTIVE_COMPILATION_CONDITIONS = DEBUG;
				SWIFT_OPTIMIZATION_LEVEL = "-Onone";
			};
			name = Debug;
		};
		181E25372A01294A00E4985A /* Release */ = {
			isa = XCBuildConfiguration;
			buildSettings = {
				ALWAYS_SEARCH_USER_PATHS = NO;
				CLANG_ANALYZER_NONNULL = YES;
				CLANG_ANALYZER_NUMBER_OBJECT_CONVERSION = YES_AGGRESSIVE;
				CLANG_CXX_LANGUAGE_STANDARD = "gnu++20";
				CLANG_ENABLE_MODULES = YES;
				CLANG_ENABLE_OBJC_ARC = YES;
				CLANG_ENABLE_OBJC_WEAK = YES;
				CLANG_WARN_BLOCK_CAPTURE_AUTORELEASING = YES;
				CLANG_WARN_BOOL_CONVERSION = YES;
				CLANG_WARN_COMMA = YES;
				CLANG_WARN_CONSTANT_CONVERSION = YES;
				CLANG_WARN_DEPRECATED_OBJC_IMPLEMENTATIONS = YES;
				CLANG_WARN_DIRECT_OBJC_ISA_USAGE = YES_ERROR;
				CLANG_WARN_DOCUMENTATION_COMMENTS = YES;
				CLANG_WARN_EMPTY_BODY = YES;
				CLANG_WARN_ENUM_CONVERSION = YES;
				CLANG_WARN_INFINITE_RECURSION = YES;
				CLANG_WARN_INT_CONVERSION = YES;
				CLANG_WARN_NON_LITERAL_NULL_CONVERSION = YES;
				CLANG_WARN_OBJC_IMPLICIT_RETAIN_SELF = YES;
				CLANG_WARN_OBJC_LITERAL_CONVERSION = YES;
				CLANG_WARN_OBJC_ROOT_CLASS = YES_ERROR;
				CLANG_WARN_QUOTED_INCLUDE_IN_FRAMEWORK_HEADER = YES;
				CLANG_WARN_RANGE_LOOP_ANALYSIS = YES;
				CLANG_WARN_STRICT_PROTOTYPES = YES;
				CLANG_WARN_SUSPICIOUS_MOVE = YES;
				CLANG_WARN_UNGUARDED_AVAILABILITY = YES_AGGRESSIVE;
				CLANG_WARN_UNREACHABLE_CODE = YES;
				CLANG_WARN__DUPLICATE_METHOD_MATCH = YES;
				COPY_PHASE_STRIP = NO;
				DEBUG_INFORMATION_FORMAT = "dwarf-with-dsym";
				ENABLE_NS_ASSERTIONS = NO;
				ENABLE_STRICT_OBJC_MSGSEND = YES;
				GCC_C_LANGUAGE_STANDARD = gnu11;
				GCC_NO_COMMON_BLOCKS = YES;
				GCC_WARN_64_TO_32_BIT_CONVERSION = YES;
				GCC_WARN_ABOUT_RETURN_TYPE = YES_ERROR;
				GCC_WARN_UNDECLARED_SELECTOR = YES;
				GCC_WARN_UNINITIALIZED_AUTOS = YES_AGGRESSIVE;
				GCC_WARN_UNUSED_FUNCTION = YES;
				GCC_WARN_UNUSED_VARIABLE = YES;
				IPHONEOS_DEPLOYMENT_TARGET = 16.1;
				MTL_ENABLE_DEBUG_INFO = NO;
				MTL_FAST_MATH = YES;
				SDKROOT = iphoneos;
				SWIFT_COMPILATION_MODE = wholemodule;
				SWIFT_OPTIMIZATION_LEVEL = "-O";
				VALIDATE_PRODUCT = YES;
			};
			name = Release;
		};
		181E25392A01294A00E4985A /* Debug */ = {
			isa = XCBuildConfiguration;
			buildSettings = {
				ASSETCATALOG_COMPILER_APPICON_NAME = AppIcon;
				ASSETCATALOG_COMPILER_GLOBAL_ACCENT_COLOR_NAME = AccentColor;
				CODE_SIGN_STYLE = Automatic;
				CURRENT_PROJECT_VERSION = 1;
				DEVELOPMENT_ASSET_PATHS = "\"SessionTabBarUIVC/Preview Content\"";
				DEVELOPMENT_TEAM = SY4CHD2YQ6;
				ENABLE_PREVIEWS = YES;
				GENERATE_INFOPLIST_FILE = YES;
				INFOPLIST_KEY_UIApplicationSceneManifest_Generation = YES;
				INFOPLIST_KEY_UIApplicationSupportsIndirectInputEvents = YES;
				INFOPLIST_KEY_UILaunchScreen_Generation = YES;
				INFOPLIST_KEY_UISupportedInterfaceOrientations_iPad = "UIInterfaceOrientationPortrait UIInterfaceOrientationPortraitUpsideDown UIInterfaceOrientationLandscapeLeft UIInterfaceOrientationLandscapeRight";
				INFOPLIST_KEY_UISupportedInterfaceOrientations_iPhone = "UIInterfaceOrientationPortrait UIInterfaceOrientationLandscapeLeft UIInterfaceOrientationLandscapeRight";
				LD_RUNPATH_SEARCH_PATHS = (
					"$(inherited)",
					"@executable_path/Frameworks",
				);
				MARKETING_VERSION = 1.0;
				PRODUCT_BUNDLE_IDENTIFIER = com.SessionTabBarUIVC;
				PRODUCT_NAME = "$(TARGET_NAME)";
				SWIFT_EMIT_LOC_STRINGS = YES;
				SWIFT_VERSION = 5.0;
				TARGETED_DEVICE_FAMILY = "1,2";
			};
			name = Debug;
		};
		181E253A2A01294A00E4985A /* Release */ = {
			isa = XCBuildConfiguration;
			buildSettings = {
				ASSETCATALOG_COMPILER_APPICON_NAME = AppIcon;
				ASSETCATALOG_COMPILER_GLOBAL_ACCENT_COLOR_NAME = AccentColor;
				CODE_SIGN_STYLE = Automatic;
				CURRENT_PROJECT_VERSION = 1;
				DEVELOPMENT_ASSET_PATHS = "\"SessionTabBarUIVC/Preview Content\"";
				DEVELOPMENT_TEAM = SY4CHD2YQ6;
				ENABLE_PREVIEWS = YES;
				GENERATE_INFOPLIST_FILE = YES;
				INFOPLIST_KEY_UIApplicationSceneManifest_Generation = YES;
				INFOPLIST_KEY_UIApplicationSupportsIndirectInputEvents = YES;
				INFOPLIST_KEY_UILaunchScreen_Generation = YES;
				INFOPLIST_KEY_UISupportedInterfaceOrientations_iPad = "UIInterfaceOrientationPortrait UIInterfaceOrientationPortraitUpsideDown UIInterfaceOrientationLandscapeLeft UIInterfaceOrientationLandscapeRight";
				INFOPLIST_KEY_UISupportedInterfaceOrientations_iPhone = "UIInterfaceOrientationPortrait UIInterfaceOrientationLandscapeLeft UIInterfaceOrientationLandscapeRight";
				LD_RUNPATH_SEARCH_PATHS = (
					"$(inherited)",
					"@executable_path/Frameworks",
				);
				MARKETING_VERSION = 1.0;
				PRODUCT_BUNDLE_IDENTIFIER = com.SessionTabBarUIVC;
				PRODUCT_NAME = "$(TARGET_NAME)";
				SWIFT_EMIT_LOC_STRINGS = YES;
				SWIFT_VERSION = 5.0;
				TARGETED_DEVICE_FAMILY = "1,2";
			};
			name = Release;
		};
/* End XCBuildConfiguration section */

/* Begin XCConfigurationList section */
		181E25252A01294800E4985A /* Build configuration list for PBXProject "SessionTabBarUIVC" */ = {
			isa = XCConfigurationList;
			buildConfigurations = (
				181E25362A01294A00E4985A /* Debug */,
				181E25372A01294A00E4985A /* Release */,
			);
			defaultConfigurationIsVisible = 0;
			defaultConfigurationName = Release;
		};
		181E25382A01294A00E4985A /* Build configuration list for PBXNativeTarget "SessionTabBarUIVC" */ = {
			isa = XCConfigurationList;
			buildConfigurations = (
				181E25392A01294A00E4985A /* Debug */,
				181E253A2A01294A00E4985A /* Release */,
			);
			defaultConfigurationIsVisible = 0;
			defaultConfigurationName = Release;
		};
/* End XCConfigurationList section */
	};
	rootObject = 181E25222A01294800E4985A /* Project object */;
}
